
Microsoft Visual Studio Solution File, Format Version 12.00
# Visual Studio 2013
VisualStudioVersion = 12.0.40629.0
MinimumVisualStudioVersion = 10.0.40219.1
Project("{FAE04EC0-301F-11D3-BF4B-00C04F79EFBC}") = "AdventureTravels.Models", "AdventureTravels.Models\AdventureTravels.Models.csproj", "{CE1AF373-8BF8-4701-8F71-88A8F5A89CB4}"
EndProject
Project("{FAE04EC0-301F-11D3-BF4B-00C04F79EFBC}") = "AdventureTravels.DAL", "AdventureTravels.DAL\AdventureTravels.DAL.csproj", "{792EDB2D-6AA2-46DB-8ABB-EF4E218ADD95}"
EndProject
Project("{FAE04EC0-301F-11D3-BF4B-00C04F79EFBC}") = "AdventureTravels.Contracts", "AdventureTravels.Contracts\AdventureTravels.Contracts.csproj", "{CE8D574A-0015-4CAA-8666-FF95AAEC65E8}"
EndProject
Project("{FAE04EC0-301F-11D3-BF4B-00C04F79EFBC}") = "AdventureTravels.Services", "AdventureTravels.Services\AdventureTravels.Services.csproj", "{A21C8D2C-DE41-4764-84FA-2DED09E88811}"
EndProject
Project("{FAE04EC0-301F-11D3-BF4B-00C04F79EFBC}") = "AdventureTravels.WebUI", "AdventureTravels.WebUI\AdventureTravels.WebUI.csproj", "{20A3BEC4-54ED-42F4-A620-DE7BBC5CB487}"
EndProject
Project("{2150E333-8FDC-42A3-9474-1A3956D46DE8}") = "Modules", "Modules", "{7CB1339F-67C3-417A-B790-8179152B4B5E}"
EndProject
Project("{FAE04EC0-301F-11D3-BF4B-00C04F79EFBC}") = "AdventureTravels.Modules.Coupons.MoneyOff", "AdventureTravels.Modules.Coupons.MoneyOff\AdventureTravels.Modules.Coupons.MoneyOff.csproj", "{3CFBAA44-0A2B-4E61-8353-6C50E17F8846}"
EndProject
Project("{FAE04EC0-301F-11D3-BF4B-00C04F79EFBC}") = "AdventureTravels.Modules.Coupons.PercentOff", "AdventureTravels.Modules.Coupons.PercentOff\AdventureTravels.Modules.Coupons.PercentOff.csproj", "{9F96515B-7094-44FD-AA1C-D632FDC76D16}"
EndProject
Global
	GlobalSection(SolutionConfigurationPlatforms) = preSolution
		Debug|Any CPU = Debug|Any CPU
		Release|Any CPU = Release|Any CPU
	EndGlobalSection
	GlobalSection(ProjectConfigurationPlatforms) = postSolution
		{CE1AF373-8BF8-4701-8F71-88A8F5A89CB4}.Debug|Any CPU.ActiveCfg = Debug|Any CPU
		{CE1AF373-8BF8-4701-8F71-88A8F5A89CB4}.Debug|Any CPU.Build.0 = Debug|Any CPU
		{CE1AF373-8BF8-4701-8F71-88A8F5A89CB4}.Release|Any CPU.ActiveCfg = Release|Any CPU
		{CE1AF373-8BF8-4701-8F71-88A8F5A89CB4}.Release|Any CPU.Build.0 = Release|Any CPU
		{792EDB2D-6AA2-46DB-8ABB-EF4E218ADD95}.Debug|Any CPU.ActiveCfg = Debug|Any CPU
		{792EDB2D-6AA2-46DB-8ABB-EF4E218ADD95}.Debug|Any CPU.Build.0 = Debug|Any CPU
		{792EDB2D-6AA2-46DB-8ABB-EF4E218ADD95}.Release|Any CPU.ActiveCfg = Release|Any CPU
		{792EDB2D-6AA2-46DB-8ABB-EF4E218ADD95}.Release|Any CPU.Build.0 = Release|Any CPU
		{CE8D574A-0015-4CAA-8666-FF95AAEC65E8}.Debug|Any CPU.ActiveCfg = Debug|Any CPU
		{CE8D574A-0015-4CAA-8666-FF95AAEC65E8}.Debug|Any CPU.Build.0 = Debug|Any CPU
		{CE8D574A-0015-4CAA-8666-FF95AAEC65E8}.Release|Any CPU.ActiveCfg = Release|Any CPU
		{CE8D574A-0015-4CAA-8666-FF95AAEC65E8}.Release|Any CPU.Build.0 = Release|Any CPU
		{A21C8D2C-DE41-4764-84FA-2DED09E88811}.Debug|Any CPU.ActiveCfg = Debug|Any CPU
		{A21C8D2C-DE41-4764-84FA-2DED09E88811}.Debug|Any CPU.Build.0 = Debug|Any CPU
		{A21C8D2C-DE41-4764-84FA-2DED09E88811}.Release|Any CPU.ActiveCfg = Release|Any CPU
		{A21C8D2C-DE41-4764-84FA-2DED09E88811}.Release|Any CPU.Build.0 = Release|Any CPU
		{20A3BEC4-54ED-42F4-A620-DE7BBC5CB487}.Debug|Any CPU.ActiveCfg = Debug|Any CPU
		{20A3BEC4-54ED-42F4-A620-DE7BBC5CB487}.Debug|Any CPU.Build.0 = Debug|Any CPU
		{20A3BEC4-54ED-42F4-A620-DE7BBC5CB487}.Release|Any CPU.ActiveCfg = Release|Any CPU
		{20A3BEC4-54ED-42F4-A620-DE7BBC5CB487}.Release|Any CPU.Build.0 = Release|Any CPU
		{3CFBAA44-0A2B-4E61-8353-6C50E17F8846}.Debug|Any CPU.ActiveCfg = Debug|Any CPU
		{3CFBAA44-0A2B-4E61-8353-6C50E17F8846}.Debug|Any CPU.Build.0 = Debug|Any CPU
		{3CFBAA44-0A2B-4E61-8353-6C50E17F8846}.Release|Any CPU.ActiveCfg = Release|Any CPU
		{3CFBAA44-0A2B-4E61-8353-6C50E17F8846}.Release|Any CPU.Build.0 = Release|Any CPU
		{9F96515B-7094-44FD-AA1C-D632FDC76D16}.Debug|Any CPU.ActiveCfg = Debug|Any CPU
		{9F96515B-7094-44FD-AA1C-D632FDC76D16}.Debug|Any CPU.Build.0 = Debug|Any CPU
		{9F96515B-7094-44FD-AA1C-D632FDC76D16}.Release|Any CPU.ActiveCfg = Release|Any CPU
		{9F96515B-7094-44FD-AA1C-D632FDC76D16}.Release|Any CPU.Build.0 = Release|Any CPU
	EndGlobalSection
	GlobalSection(SolutionProperties) = preSolution
		HideSolutionNode = FALSE
	EndGlobalSection
	GlobalSection(NestedProjects) = preSolution
		{3CFBAA44-0A2B-4E61-8353-6C50E17F8846} = {7CB1339F-67C3-417A-B790-8179152B4B5E}
		{9F96515B-7094-44FD-AA1C-D632FDC76D16} = {7CB1339F-67C3-417A-B790-8179152B4B5E}
	EndGlobalSection
EndGlobal
